
Microsoft Visual Studio Solution File, Format Version 12.00
# Visual Studio Version 17
VisualStudioVersion = 17.3.32804.467
MinimumVisualStudioVersion = 10.0.40219.1
Project("{8BC9CEB8-8B4A-11D0-8D11-00A0C91BC942}") = "test.c_8_20.heapsort", "test.c_8_20.heapsort\test.c_8_20.heapsort.vcxproj", "{F26BC24A-1ABA-49A8-85E6-B6B5BF258435}"
EndProject
Global
	GlobalSection(SolutionConfigurationPlatforms) = preSolution
		Debug|x64 = Debug|x64
		Debug|x86 = Debug|x86
		Release|x64 = Release|x64
		Release|x86 = Release|x86
	EndGlobalSection
	GlobalSection(ProjectConfigurationPlatforms) = postSolution
		{F26BC24A-1ABA-49A8-85E6-B6B5BF258435}.Debug|x64.ActiveCfg = Debug|x64
		{F26BC24A-1ABA-49A8-85E6-B6B5BF258435}.Debug|x64.Build.0 = Debug|x64
		{F26BC24A-1ABA-49A8-85E6-B6B5BF258435}.Debug|x86.ActiveCfg = Debug|Win32
		{F26BC24A-1ABA-49A8-85E6-B6B5BF258435}.Debug|x86.Build.0 = Debug|Win32
		{F26BC24A-1ABA-49A8-85E6-B6B5BF258435}.Release|x64.ActiveCfg = Release|x64
		{F26BC24A-1ABA-49A8-85E6-B6B5BF258435}.Release|x64.Build.0 = Release|x64
		{F26BC24A-1ABA-49A8-85E6-B6B5BF258435}.Release|x86.ActiveCfg = Release|Win32
		{F26BC24A-1ABA-49A8-85E6-B6B5BF258435}.Release|x86.Build.0 = Release|Win32
	EndGlobalSection
	GlobalSection(SolutionProperties) = preSolution
		HideSolutionNode = FALSE
	EndGlobalSection
	GlobalSection(ExtensibilityGlobals) = postSolution
		SolutionGuid = {E6228D58-3150-4A6D-95B0-A544AE06D85D}
	EndGlobalSection
EndGlobal
